PODS:
  - Optile (0.1.0):
    - Optile/Network (= 0.1.0)
    - Optile/Payment (= 0.1.0)
    - Optile/PaymentUI (= 0.1.0)
  - Optile/Network (0.1.0)
  - Optile/Payment (0.1.0):
    - Optile/Network
  - Optile/PaymentUI (0.1.0):
    - Optile/Payment

DEPENDENCIES:
  - Optile (from `../`)

EXTERNAL SOURCES:
  Optile:
    :path: "../"

SPEC CHECKSUMS:
  Optile: 7259910bba8b94a935dc8999969c5b3e3b7b736f

PODFILE CHECKSUM: a7d6be13c471de535c40aeec9e115935fe6a7b74

COCOAPODS: 1.8.1
