PODS:
  - Optile (0.1.0):
    - Optile/Network (= 0.1.0)
    - Optile/PaymentUI (= 0.1.0)
  - Optile/Network (0.1.0)
  - Optile/PaymentUI (0.1.0):
    - Optile/Network

DEPENDENCIES:
  - Optile (from `../`)

EXTERNAL SOURCES:
  Optile:
    :path: "../"

SPEC CHECKSUMS:
  Optile: 33d6814e668343ef4bf72080696e50070f2d1c9c

PODFILE CHECKSUM: a7d6be13c471de535c40aeec9e115935fe6a7b74

COCOAPODS: 1.8.1
