// !$*UTF8*$!
{
	archiveVersion = 1;
	classes = {
	};
	objectVersion = 46;
	objects = {

/* Begin PBXAggregateTarget section */
		"Optile::OptilePackageTests::ProductTarget" /* OptilePackageTests */ = {
			isa = PBXAggregateTarget;
			buildConfigurationList = OBJ_112 /* Build configuration list for PBXAggregateTarget "OptilePackageTests" */;
			buildPhases = (
			);
			dependencies = (
				OBJ_115 /* PBXTargetDependency */,
			);
			name = OptilePackageTests;
			productName = OptilePackageTests;
		};
/* End PBXAggregateTarget section */

/* Begin PBXBuildFile section */
		D9E06F03235CE24000389957 /* TestError.swift in Sources */ = {isa = PBXBuildFile; fileRef = D9E06F02235CE24000389957 /* TestError.swift */; };
		OBJ_100 /* XCTestManifests.swift in Sources */ = {isa = PBXBuildFile; fileRef = OBJ_87 /* XCTestManifests.swift */; };
		OBJ_102 /* Payment.framework in Frameworks */ = {isa = PBXBuildFile; fileRef = "Optile::Payment::Product" /* Payment.framework */; };
		OBJ_110 /* Package.swift in Sources */ = {isa = PBXBuildFile; fileRef = OBJ_6 /* Package.swift */; };
		OBJ_120 /* Errors.swift in Sources */ = {isa = PBXBuildFile; fileRef = OBJ_9 /* Errors.swift */; };
		OBJ_121 /* PaymentInternalError.swift in Sources */ = {isa = PBXBuildFile; fileRef = OBJ_10 /* PaymentInternalError.swift */; };
		OBJ_122 /* LocalTranslations.swift in Sources */ = {isa = PBXBuildFile; fileRef = OBJ_12 /* LocalTranslations.swift */; };
		OBJ_123 /* Localizable.swift in Sources */ = {isa = PBXBuildFile; fileRef = OBJ_13 /* Localizable.swift */; };
		OBJ_124 /* PaymentNetwork+Localizable.swift in Sources */ = {isa = PBXBuildFile; fileRef = OBJ_15 /* PaymentNetwork+Localizable.swift */; };
		OBJ_125 /* LocalizeModelOperation.swift in Sources */ = {isa = PBXBuildFile; fileRef = OBJ_16 /* LocalizeModelOperation.swift */; };
		OBJ_126 /* SharedLocalizationProvider.swift in Sources */ = {isa = PBXBuildFile; fileRef = OBJ_17 /* SharedLocalizationProvider.swift */; };
		OBJ_127 /* AccountFormData.swift in Sources */ = {isa = PBXBuildFile; fileRef = OBJ_19 /* AccountFormData.swift */; };
		OBJ_128 /* AccountMask.swift in Sources */ = {isa = PBXBuildFile; fileRef = OBJ_20 /* AccountMask.swift */; };
		OBJ_129 /* AccountRegistration.swift in Sources */ = {isa = PBXBuildFile; fileRef = OBJ_21 /* AccountRegistration.swift */; };
		OBJ_130 /* ApplicableNetwork.swift in Sources */ = {isa = PBXBuildFile; fileRef = OBJ_22 /* ApplicableNetwork.swift */; };
		OBJ_131 /* Checkbox.swift in Sources */ = {isa = PBXBuildFile; fileRef = OBJ_23 /* Checkbox.swift */; };
		OBJ_132 /* CustomerFormData.swift in Sources */ = {isa = PBXBuildFile; fileRef = OBJ_24 /* CustomerFormData.swift */; };
		OBJ_133 /* ExtraElement.swift in Sources */ = {isa = PBXBuildFile; fileRef = OBJ_25 /* ExtraElement.swift */; };
		OBJ_134 /* ExtraElements.swift in Sources */ = {isa = PBXBuildFile; fileRef = OBJ_26 /* ExtraElements.swift */; };
		OBJ_135 /* FormData.swift in Sources */ = {isa = PBXBuildFile; fileRef = OBJ_27 /* FormData.swift */; };
		OBJ_136 /* InputElement.swift in Sources */ = {isa = PBXBuildFile; fileRef = OBJ_28 /* InputElement.swift */; };
		OBJ_137 /* InstallmentItem.swift in Sources */ = {isa = PBXBuildFile; fileRef = OBJ_29 /* InstallmentItem.swift */; };
		OBJ_138 /* Installments.swift in Sources */ = {isa = PBXBuildFile; fileRef = OBJ_30 /* Installments.swift */; };
		OBJ_139 /* InstallmentsPlan.swift in Sources */ = {isa = PBXBuildFile; fileRef = OBJ_31 /* InstallmentsPlan.swift */; };
		OBJ_140 /* Interaction.swift in Sources */ = {isa = PBXBuildFile; fileRef = OBJ_32 /* Interaction.swift */; };
		OBJ_141 /* ListLinks.swift in Sources */ = {isa = PBXBuildFile; fileRef = OBJ_33 /* ListLinks.swift */; };
		OBJ_142 /* ListResult.swift in Sources */ = {isa = PBXBuildFile; fileRef = OBJ_34 /* ListResult.swift */; };
		OBJ_143 /* Networks.swift in Sources */ = {isa = PBXBuildFile; fileRef = OBJ_35 /* Networks.swift */; };
		OBJ_144 /* HTTPMethod.swift in Sources */ = {isa = PBXBuildFile; fileRef = OBJ_37 /* HTTPMethod.swift */; };
		OBJ_145 /* Parameter.swift in Sources */ = {isa = PBXBuildFile; fileRef = OBJ_38 /* Parameter.swift */; };
		OBJ_146 /* PaymentAmount.swift in Sources */ = {isa = PBXBuildFile; fileRef = OBJ_39 /* PaymentAmount.swift */; };
		OBJ_147 /* PresetAccount.swift in Sources */ = {isa = PBXBuildFile; fileRef = OBJ_40 /* PresetAccount.swift */; };
		OBJ_148 /* PresetLinks.swift in Sources */ = {isa = PBXBuildFile; fileRef = OBJ_41 /* PresetLinks.swift */; };
		OBJ_149 /* Redirect.swift in Sources */ = {isa = PBXBuildFile; fileRef = OBJ_42 /* Redirect.swift */; };
		OBJ_150 /* SelectOption.swift in Sources */ = {isa = PBXBuildFile; fileRef = OBJ_43 /* SelectOption.swift */; };
		OBJ_151 /* Style.swift in Sources */ = {isa = PBXBuildFile; fileRef = OBJ_44 /* Style.swift */; };
		OBJ_152 /* AsynchronousOperation.swift in Sources */ = {isa = PBXBuildFile; fileRef = OBJ_46 /* AsynchronousOperation.swift */; };
		OBJ_153 /* Connection.swift in Sources */ = {isa = PBXBuildFile; fileRef = OBJ_48 /* Connection.swift */; };
		OBJ_154 /* CustomRequest.swift in Sources */ = {isa = PBXBuildFile; fileRef = OBJ_49 /* CustomRequest.swift */; };
		OBJ_155 /* GetRequest.swift in Sources */ = {isa = PBXBuildFile; fileRef = OBJ_50 /* GetRequest.swift */; };
		OBJ_156 /* Request.swift in Sources */ = {isa = PBXBuildFile; fileRef = OBJ_51 /* Request.swift */; };
		OBJ_157 /* DownloadData.swift in Sources */ = {isa = PBXBuildFile; fileRef = OBJ_53 /* DownloadData.swift */; };
		OBJ_158 /* DownloadLocalization.swift in Sources */ = {isa = PBXBuildFile; fileRef = OBJ_54 /* DownloadLocalization.swift */; };
		OBJ_159 /* GetListResult.swift in Sources */ = {isa = PBXBuildFile; fileRef = OBJ_55 /* GetListResult.swift */; };
		OBJ_160 /* SendRequestOperation.swift in Sources */ = {isa = PBXBuildFile; fileRef = OBJ_56 /* SendRequestOperation.swift */; };
		OBJ_161 /* URLSessionConnection.swift in Sources */ = {isa = PBXBuildFile; fileRef = OBJ_57 /* URLSessionConnection.swift */; };
		OBJ_162 /* mergeClosures.swift in Sources */ = {isa = PBXBuildFile; fileRef = OBJ_61 /* mergeClosures.swift */; };
		OBJ_163 /* CurrentValue.swift in Sources */ = {isa = PBXBuildFile; fileRef = OBJ_63 /* CurrentValue.swift */; };
		OBJ_164 /* log.swift in Sources */ = {isa = PBXBuildFile; fileRef = OBJ_64 /* log.swift */; };
		OBJ_165 /* PaymentListTableController.swift in Sources */ = {isa = PBXBuildFile; fileRef = OBJ_66 /* PaymentListTableController.swift */; };
		OBJ_166 /* PaymentListTableViewCell.swift in Sources */ = {isa = PBXBuildFile; fileRef = OBJ_67 /* PaymentListTableViewCell.swift */; };
		OBJ_167 /* PaymentNetwork.swift in Sources */ = {isa = PBXBuildFile; fileRef = OBJ_69 /* PaymentNetwork.swift */; };
		OBJ_168 /* PaymentSession.swift in Sources */ = {isa = PBXBuildFile; fileRef = OBJ_70 /* PaymentSession.swift */; };
		OBJ_169 /* DequeueableTableCell.swift in Sources */ = {isa = PBXBuildFile; fileRef = OBJ_72 /* DequeueableTableCell.swift */; };
		OBJ_170 /* Load.swift in Sources */ = {isa = PBXBuildFile; fileRef = OBJ_73 /* Load.swift */; };
		OBJ_171 /* NetworkDownloadProvider.swift in Sources */ = {isa = PBXBuildFile; fileRef = OBJ_76 /* NetworkDownloadProvider.swift */; };
		OBJ_172 /* PaymentSessionProvider.swift in Sources */ = {isa = PBXBuildFile; fileRef = OBJ_77 /* PaymentSessionProvider.swift */; };
		OBJ_173 /* PaymentSessionService.swift in Sources */ = {isa = PBXBuildFile; fileRef = OBJ_78 /* PaymentSessionService.swift */; };
		OBJ_174 /* PaymentListParameters.swift in Sources */ = {isa = PBXBuildFile; fileRef = OBJ_80 /* PaymentListParameters.swift */; };
		OBJ_175 /* PaymentListViewContoller.swift in Sources */ = {isa = PBXBuildFile; fileRef = OBJ_82 /* PaymentListViewContoller.swift */; };
		OBJ_176 /* PaymentNavigationController.swift in Sources */ = {isa = PBXBuildFile; fileRef = OBJ_83 /* PaymentNavigationController.swift */; };
		OBJ_99 /* NetworkTests.swift in Sources */ = {isa = PBXBuildFile; fileRef = OBJ_86 /* NetworkTests.swift */; };
/* End PBXBuildFile section */

/* Begin PBXContainerItemProxy section */
		D9E06F00235CDFF000389957 /* PBXContainerItemProxy */ = {
			isa = PBXContainerItemProxy;
			containerPortal = OBJ_1 /* Project object */;
			proxyType = 1;
			remoteGlobalIDString = "Optile::Payment";
			remoteInfo = Payment;
		};
		D9E06F01235CDFF200389957 /* PBXContainerItemProxy */ = {
			isa = PBXContainerItemProxy;
			containerPortal = OBJ_1 /* Project object */;
			proxyType = 1;
			remoteGlobalIDString = "Optile::NetworkTests";
			remoteInfo = NetworkTests;
		};
/* End PBXContainerItemProxy section */

/* Begin PBXFileReference section */
		D9E06F02235CE24000389957 /* TestError.swift */ = {isa = PBXFileReference; lastKnownFileType = sourcecode.swift; path = TestError.swift; sourceTree = "<group>"; };
		OBJ_10 /* PaymentInternalError.swift */ = {isa = PBXFileReference; lastKnownFileType = sourcecode.swift; path = PaymentInternalError.swift; sourceTree = "<group>"; };
		OBJ_12 /* LocalTranslations.swift */ = {isa = PBXFileReference; lastKnownFileType = sourcecode.swift; path = LocalTranslations.swift; sourceTree = "<group>"; };
		OBJ_13 /* Localizable.swift */ = {isa = PBXFileReference; lastKnownFileType = sourcecode.swift; path = Localizable.swift; sourceTree = "<group>"; };
		OBJ_15 /* PaymentNetwork+Localizable.swift */ = {isa = PBXFileReference; lastKnownFileType = sourcecode.swift; path = "PaymentNetwork+Localizable.swift"; sourceTree = "<group>"; };
		OBJ_16 /* LocalizeModelOperation.swift */ = {isa = PBXFileReference; lastKnownFileType = sourcecode.swift; path = LocalizeModelOperation.swift; sourceTree = "<group>"; };
		OBJ_17 /* SharedLocalizationProvider.swift */ = {isa = PBXFileReference; lastKnownFileType = sourcecode.swift; path = SharedLocalizationProvider.swift; sourceTree = "<group>"; };
		OBJ_19 /* AccountFormData.swift */ = {isa = PBXFileReference; lastKnownFileType = sourcecode.swift; path = AccountFormData.swift; sourceTree = "<group>"; };
		OBJ_20 /* AccountMask.swift */ = {isa = PBXFileReference; lastKnownFileType = sourcecode.swift; path = AccountMask.swift; sourceTree = "<group>"; };
		OBJ_21 /* AccountRegistration.swift */ = {isa = PBXFileReference; lastKnownFileType = sourcecode.swift; path = AccountRegistration.swift; sourceTree = "<group>"; };
		OBJ_22 /* ApplicableNetwork.swift */ = {isa = PBXFileReference; lastKnownFileType = sourcecode.swift; path = ApplicableNetwork.swift; sourceTree = "<group>"; };
		OBJ_23 /* Checkbox.swift */ = {isa = PBXFileReference; lastKnownFileType = sourcecode.swift; path = Checkbox.swift; sourceTree = "<group>"; };
		OBJ_24 /* CustomerFormData.swift */ = {isa = PBXFileReference; lastKnownFileType = sourcecode.swift; path = CustomerFormData.swift; sourceTree = "<group>"; };
		OBJ_25 /* ExtraElement.swift */ = {isa = PBXFileReference; lastKnownFileType = sourcecode.swift; path = ExtraElement.swift; sourceTree = "<group>"; };
		OBJ_26 /* ExtraElements.swift */ = {isa = PBXFileReference; lastKnownFileType = sourcecode.swift; path = ExtraElements.swift; sourceTree = "<group>"; };
		OBJ_27 /* FormData.swift */ = {isa = PBXFileReference; lastKnownFileType = sourcecode.swift; path = FormData.swift; sourceTree = "<group>"; };
		OBJ_28 /* InputElement.swift */ = {isa = PBXFileReference; lastKnownFileType = sourcecode.swift; path = InputElement.swift; sourceTree = "<group>"; };
		OBJ_29 /* InstallmentItem.swift */ = {isa = PBXFileReference; lastKnownFileType = sourcecode.swift; path = InstallmentItem.swift; sourceTree = "<group>"; };
		OBJ_30 /* Installments.swift */ = {isa = PBXFileReference; lastKnownFileType = sourcecode.swift; path = Installments.swift; sourceTree = "<group>"; };
		OBJ_31 /* InstallmentsPlan.swift */ = {isa = PBXFileReference; lastKnownFileType = sourcecode.swift; path = InstallmentsPlan.swift; sourceTree = "<group>"; };
		OBJ_32 /* Interaction.swift */ = {isa = PBXFileReference; lastKnownFileType = sourcecode.swift; path = Interaction.swift; sourceTree = "<group>"; };
		OBJ_33 /* ListLinks.swift */ = {isa = PBXFileReference; lastKnownFileType = sourcecode.swift; path = ListLinks.swift; sourceTree = "<group>"; };
		OBJ_34 /* ListResult.swift */ = {isa = PBXFileReference; lastKnownFileType = sourcecode.swift; path = ListResult.swift; sourceTree = "<group>"; };
		OBJ_35 /* Networks.swift */ = {isa = PBXFileReference; lastKnownFileType = sourcecode.swift; path = Networks.swift; sourceTree = "<group>"; };
		OBJ_37 /* HTTPMethod.swift */ = {isa = PBXFileReference; lastKnownFileType = sourcecode.swift; path = HTTPMethod.swift; sourceTree = "<group>"; };
		OBJ_38 /* Parameter.swift */ = {isa = PBXFileReference; lastKnownFileType = sourcecode.swift; path = Parameter.swift; sourceTree = "<group>"; };
		OBJ_39 /* PaymentAmount.swift */ = {isa = PBXFileReference; lastKnownFileType = sourcecode.swift; path = PaymentAmount.swift; sourceTree = "<group>"; };
		OBJ_40 /* PresetAccount.swift */ = {isa = PBXFileReference; lastKnownFileType = sourcecode.swift; path = PresetAccount.swift; sourceTree = "<group>"; };
		OBJ_41 /* PresetLinks.swift */ = {isa = PBXFileReference; lastKnownFileType = sourcecode.swift; path = PresetLinks.swift; sourceTree = "<group>"; };
		OBJ_42 /* Redirect.swift */ = {isa = PBXFileReference; lastKnownFileType = sourcecode.swift; path = Redirect.swift; sourceTree = "<group>"; };
		OBJ_43 /* SelectOption.swift */ = {isa = PBXFileReference; lastKnownFileType = sourcecode.swift; path = SelectOption.swift; sourceTree = "<group>"; };
		OBJ_44 /* Style.swift */ = {isa = PBXFileReference; lastKnownFileType = sourcecode.swift; path = Style.swift; sourceTree = "<group>"; };
		OBJ_46 /* AsynchronousOperation.swift */ = {isa = PBXFileReference; lastKnownFileType = sourcecode.swift; path = AsynchronousOperation.swift; sourceTree = "<group>"; };
		OBJ_48 /* Connection.swift */ = {isa = PBXFileReference; lastKnownFileType = sourcecode.swift; path = Connection.swift; sourceTree = "<group>"; };
		OBJ_49 /* CustomRequest.swift */ = {isa = PBXFileReference; lastKnownFileType = sourcecode.swift; path = CustomRequest.swift; sourceTree = "<group>"; };
		OBJ_50 /* GetRequest.swift */ = {isa = PBXFileReference; lastKnownFileType = sourcecode.swift; path = GetRequest.swift; sourceTree = "<group>"; };
		OBJ_51 /* Request.swift */ = {isa = PBXFileReference; lastKnownFileType = sourcecode.swift; path = Request.swift; sourceTree = "<group>"; };
		OBJ_53 /* DownloadData.swift */ = {isa = PBXFileReference; lastKnownFileType = sourcecode.swift; path = DownloadData.swift; sourceTree = "<group>"; };
		OBJ_54 /* DownloadLocalization.swift */ = {isa = PBXFileReference; lastKnownFileType = sourcecode.swift; path = DownloadLocalization.swift; sourceTree = "<group>"; };
		OBJ_55 /* GetListResult.swift */ = {isa = PBXFileReference; lastKnownFileType = sourcecode.swift; path = GetListResult.swift; sourceTree = "<group>"; };
		OBJ_56 /* SendRequestOperation.swift */ = {isa = PBXFileReference; lastKnownFileType = sourcecode.swift; path = SendRequestOperation.swift; sourceTree = "<group>"; };
		OBJ_57 /* URLSessionConnection.swift */ = {isa = PBXFileReference; lastKnownFileType = sourcecode.swift; path = URLSessionConnection.swift; sourceTree = "<group>"; };
		OBJ_6 /* Package.swift */ = {isa = PBXFileReference; explicitFileType = sourcecode.swift; path = Package.swift; sourceTree = "<group>"; };
		OBJ_61 /* mergeClosures.swift */ = {isa = PBXFileReference; lastKnownFileType = sourcecode.swift; path = mergeClosures.swift; sourceTree = "<group>"; };
		OBJ_63 /* CurrentValue.swift */ = {isa = PBXFileReference; lastKnownFileType = sourcecode.swift; path = CurrentValue.swift; sourceTree = "<group>"; };
		OBJ_64 /* log.swift */ = {isa = PBXFileReference; lastKnownFileType = sourcecode.swift; path = log.swift; sourceTree = "<group>"; };
		OBJ_66 /* PaymentListTableController.swift */ = {isa = PBXFileReference; lastKnownFileType = sourcecode.swift; path = PaymentListTableController.swift; sourceTree = "<group>"; };
		OBJ_67 /* PaymentListTableViewCell.swift */ = {isa = PBXFileReference; lastKnownFileType = sourcecode.swift; path = PaymentListTableViewCell.swift; sourceTree = "<group>"; };
		OBJ_69 /* PaymentNetwork.swift */ = {isa = PBXFileReference; lastKnownFileType = sourcecode.swift; path = PaymentNetwork.swift; sourceTree = "<group>"; };
		OBJ_70 /* PaymentSession.swift */ = {isa = PBXFileReference; lastKnownFileType = sourcecode.swift; path = PaymentSession.swift; sourceTree = "<group>"; };
		OBJ_72 /* DequeueableTableCell.swift */ = {isa = PBXFileReference; lastKnownFileType = sourcecode.swift; path = DequeueableTableCell.swift; sourceTree = "<group>"; };
		OBJ_73 /* Load.swift */ = {isa = PBXFileReference; lastKnownFileType = sourcecode.swift; path = Load.swift; sourceTree = "<group>"; };
		OBJ_76 /* NetworkDownloadProvider.swift */ = {isa = PBXFileReference; lastKnownFileType = sourcecode.swift; path = NetworkDownloadProvider.swift; sourceTree = "<group>"; };
		OBJ_77 /* PaymentSessionProvider.swift */ = {isa = PBXFileReference; lastKnownFileType = sourcecode.swift; path = PaymentSessionProvider.swift; sourceTree = "<group>"; };
		OBJ_78 /* PaymentSessionService.swift */ = {isa = PBXFileReference; lastKnownFileType = sourcecode.swift; path = PaymentSessionService.swift; sourceTree = "<group>"; };
		OBJ_80 /* PaymentListParameters.swift */ = {isa = PBXFileReference; lastKnownFileType = sourcecode.swift; path = PaymentListParameters.swift; sourceTree = "<group>"; };
		OBJ_82 /* PaymentListViewContoller.swift */ = {isa = PBXFileReference; lastKnownFileType = sourcecode.swift; path = PaymentListViewContoller.swift; sourceTree = "<group>"; };
		OBJ_83 /* PaymentNavigationController.swift */ = {isa = PBXFileReference; lastKnownFileType = sourcecode.swift; path = PaymentNavigationController.swift; sourceTree = "<group>"; };
		OBJ_86 /* NetworkTests.swift */ = {isa = PBXFileReference; lastKnownFileType = sourcecode.swift; path = NetworkTests.swift; sourceTree = "<group>"; };
		OBJ_87 /* XCTestManifests.swift */ = {isa = PBXFileReference; lastKnownFileType = sourcecode.swift; path = XCTestManifests.swift; sourceTree = "<group>"; };
		OBJ_9 /* Errors.swift */ = {isa = PBXFileReference; lastKnownFileType = sourcecode.swift; path = Errors.swift; sourceTree = "<group>"; };
		OBJ_91 /* Example */ = {isa = PBXFileReference; lastKnownFileType = folder; path = Example; sourceTree = SOURCE_ROOT; };
		OBJ_92 /* Optile.podspec */ = {isa = PBXFileReference; lastKnownFileType = text; path = Optile.podspec; sourceTree = "<group>"; };
		OBJ_93 /* README.md */ = {isa = PBXFileReference; lastKnownFileType = net.daringfireball.markdown; path = README.md; sourceTree = "<group>"; };
		"Optile::NetworkTests::Product" /* NetworkTests.xctest */ = {isa = PBXFileReference; lastKnownFileType = file; path = NetworkTests.xctest; sourceTree = BUILT_PRODUCTS_DIR; };
		"Optile::Payment::Product" /* Payment.framework */ = {isa = PBXFileReference; lastKnownFileType = wrapper.framework; path = Payment.framework; sourceTree = BUILT_PRODUCTS_DIR; };
/* End PBXFileReference section */

/* Begin PBXFrameworksBuildPhase section */
		OBJ_101 /* Frameworks */ = {
			isa = PBXFrameworksBuildPhase;
			buildActionMask = 0;
			files = (
				OBJ_102 /* Payment.framework in Frameworks */,
			);
			runOnlyForDeploymentPostprocessing = 0;
		};
		OBJ_177 /* Frameworks */ = {
			isa = PBXFrameworksBuildPhase;
			buildActionMask = 0;
			files = (
			);
			runOnlyForDeploymentPostprocessing = 0;
		};
/* End PBXFrameworksBuildPhase section */

/* Begin PBXGroup section */
		OBJ_11 /* Localization */ = {
			isa = PBXGroup;
			children = (
				OBJ_12 /* LocalTranslations.swift */,
				OBJ_13 /* Localizable.swift */,
				OBJ_14 /* Localization Keys */,
				OBJ_16 /* LocalizeModelOperation.swift */,
				OBJ_17 /* SharedLocalizationProvider.swift */,
			);
			path = Localization;
			sourceTree = "<group>";
		};
		OBJ_14 /* Localization Keys */ = {
			isa = PBXGroup;
			children = (
				OBJ_15 /* PaymentNetwork+Localizable.swift */,
			);
			path = "Localization Keys";
			sourceTree = "<group>";
		};
		OBJ_18 /* Model */ = {
			isa = PBXGroup;
			children = (
				OBJ_19 /* AccountFormData.swift */,
				OBJ_20 /* AccountMask.swift */,
				OBJ_21 /* AccountRegistration.swift */,
				OBJ_22 /* ApplicableNetwork.swift */,
				OBJ_23 /* Checkbox.swift */,
				OBJ_24 /* CustomerFormData.swift */,
				OBJ_25 /* ExtraElement.swift */,
				OBJ_26 /* ExtraElements.swift */,
				OBJ_27 /* FormData.swift */,
				OBJ_28 /* InputElement.swift */,
				OBJ_29 /* InstallmentItem.swift */,
				OBJ_30 /* Installments.swift */,
				OBJ_31 /* InstallmentsPlan.swift */,
				OBJ_32 /* Interaction.swift */,
				OBJ_33 /* ListLinks.swift */,
				OBJ_34 /* ListResult.swift */,
				OBJ_35 /* Networks.swift */,
				OBJ_36 /* Other */,
				OBJ_38 /* Parameter.swift */,
				OBJ_39 /* PaymentAmount.swift */,
				OBJ_40 /* PresetAccount.swift */,
				OBJ_41 /* PresetLinks.swift */,
				OBJ_42 /* Redirect.swift */,
				OBJ_43 /* SelectOption.swift */,
				OBJ_44 /* Style.swift */,
			);
			path = Model;
			sourceTree = "<group>";
		};
		OBJ_36 /* Other */ = {
			isa = PBXGroup;
			children = (
				OBJ_37 /* HTTPMethod.swift */,
			);
			path = Other;
			sourceTree = "<group>";
		};
		OBJ_45 /* Network */ = {
			isa = PBXGroup;
			children = (
				OBJ_46 /* AsynchronousOperation.swift */,
				OBJ_47 /* Protocols */,
				OBJ_52 /* Requests */,
				OBJ_56 /* SendRequestOperation.swift */,
				OBJ_57 /* URLSessionConnection.swift */,
			);
			path = Network;
			sourceTree = "<group>";
		};
		OBJ_47 /* Protocols */ = {
			isa = PBXGroup;
			children = (
				OBJ_48 /* Connection.swift */,
				OBJ_49 /* CustomRequest.swift */,
				OBJ_50 /* GetRequest.swift */,
				OBJ_51 /* Request.swift */,
			);
			path = Protocols;
			sourceTree = "<group>";
		};
		OBJ_5 /*  */ = {
			isa = PBXGroup;
			children = (
				OBJ_6 /* Package.swift */,
				OBJ_7 /* Sources */,
				OBJ_84 /* Tests */,
				OBJ_88 /* Products */,
				OBJ_91 /* Example */,
				OBJ_92 /* Optile.podspec */,
				OBJ_93 /* README.md */,
			);
			name = "";
			sourceTree = "<group>";
		};
		OBJ_52 /* Requests */ = {
			isa = PBXGroup;
			children = (
				OBJ_53 /* DownloadData.swift */,
				OBJ_54 /* DownloadLocalization.swift */,
				OBJ_55 /* GetListResult.swift */,
			);
			path = Requests;
			sourceTree = "<group>";
		};
		OBJ_58 /* UI */ = {
			isa = PBXGroup;
			children = (
				OBJ_59 /* Core */,
				OBJ_65 /* List */,
				OBJ_68 /* Model */,
				OBJ_71 /* Protocols */,
				OBJ_74 /* Service */,
				OBJ_79 /* Theme */,
				OBJ_81 /* View Controller */,
			);
			path = UI;
			sourceTree = "<group>";
		};
		OBJ_59 /* Core */ = {
			isa = PBXGroup;
			children = (
				OBJ_60 /* Infix */,
				OBJ_62 /* Property Wrapper */,
				OBJ_64 /* log.swift */,
			);
			path = Core;
			sourceTree = "<group>";
		};
		OBJ_60 /* Infix */ = {
			isa = PBXGroup;
			children = (
				OBJ_61 /* mergeClosures.swift */,
			);
			path = Infix;
			sourceTree = "<group>";
		};
		OBJ_62 /* Property Wrapper */ = {
			isa = PBXGroup;
			children = (
				OBJ_63 /* CurrentValue.swift */,
			);
			path = "Property Wrapper";
			sourceTree = "<group>";
		};
		OBJ_65 /* List */ = {
			isa = PBXGroup;
			children = (
				OBJ_66 /* PaymentListTableController.swift */,
				OBJ_67 /* PaymentListTableViewCell.swift */,
			);
			path = List;
			sourceTree = "<group>";
		};
		OBJ_68 /* Model */ = {
			isa = PBXGroup;
			children = (
				OBJ_69 /* PaymentNetwork.swift */,
				OBJ_70 /* PaymentSession.swift */,
			);
			path = Model;
			sourceTree = "<group>";
		};
		OBJ_7 /* Sources */ = {
			isa = PBXGroup;
			children = (
				OBJ_8 /* Core */,
				OBJ_11 /* Localization */,
				OBJ_18 /* Model */,
				OBJ_45 /* Network */,
				OBJ_58 /* UI */,
			);
			path = Sources;
			sourceTree = SOURCE_ROOT;
		};
		OBJ_71 /* Protocols */ = {
			isa = PBXGroup;
			children = (
				OBJ_72 /* DequeueableTableCell.swift */,
				OBJ_73 /* Load.swift */,
			);
			path = Protocols;
			sourceTree = "<group>";
		};
		OBJ_74 /* Service */ = {
			isa = PBXGroup;
			children = (
				OBJ_75 /* Payment Session */,
			);
			path = Service;
			sourceTree = "<group>";
		};
		OBJ_75 /* Payment Session */ = {
			isa = PBXGroup;
			children = (
				OBJ_76 /* NetworkDownloadProvider.swift */,
				OBJ_77 /* PaymentSessionProvider.swift */,
				OBJ_78 /* PaymentSessionService.swift */,
			);
			path = "Payment Session";
			sourceTree = "<group>";
		};
		OBJ_79 /* Theme */ = {
			isa = PBXGroup;
			children = (
				OBJ_80 /* PaymentListParameters.swift */,
			);
			path = Theme;
			sourceTree = "<group>";
		};
		OBJ_8 /* Core */ = {
			isa = PBXGroup;
			children = (
				OBJ_9 /* Errors.swift */,
				OBJ_10 /* PaymentInternalError.swift */,
			);
			path = Core;
			sourceTree = "<group>";
		};
		OBJ_81 /* View Controller */ = {
			isa = PBXGroup;
			children = (
				OBJ_82 /* PaymentListViewContoller.swift */,
				OBJ_83 /* PaymentNavigationController.swift */,
			);
			path = "View Controller";
			sourceTree = "<group>";
		};
		OBJ_84 /* Tests */ = {
			isa = PBXGroup;
			children = (
				OBJ_85 /* NetworkTests */,
			);
			name = Tests;
			sourceTree = SOURCE_ROOT;
		};
		OBJ_85 /* NetworkTests */ = {
			isa = PBXGroup;
			children = (
				OBJ_86 /* NetworkTests.swift */,
				OBJ_87 /* XCTestManifests.swift */,
				D9E06F02235CE24000389957 /* TestError.swift */,
			);
			name = NetworkTests;
			path = Tests/NetworkTests;
			sourceTree = SOURCE_ROOT;
		};
		OBJ_88 /* Products */ = {
			isa = PBXGroup;
			children = (
				"Optile::Payment::Product" /* Payment.framework */,
				"Optile::NetworkTests::Product" /* NetworkTests.xctest */,
			);
			name = Products;
			sourceTree = BUILT_PRODUCTS_DIR;
		};
/* End PBXGroup section */

/* Begin PBXNativeTarget section */
		"Optile::NetworkTests" /* NetworkTests */ = {
			isa = PBXNativeTarget;
			buildConfigurationList = OBJ_95 /* Build configuration list for PBXNativeTarget "NetworkTests" */;
			buildPhases = (
				OBJ_98 /* Sources */,
				OBJ_101 /* Frameworks */,
			);
			buildRules = (
			);
			dependencies = (
				OBJ_103 /* PBXTargetDependency */,
			);
			name = NetworkTests;
			productName = NetworkTests;
			productReference = "Optile::NetworkTests::Product" /* NetworkTests.xctest */;
			productType = "com.apple.product-type.bundle.unit-test";
		};
		"Optile::Payment" /* Payment */ = {
			isa = PBXNativeTarget;
			buildConfigurationList = OBJ_116 /* Build configuration list for PBXNativeTarget "Payment" */;
			buildPhases = (
				OBJ_119 /* Sources */,
				OBJ_177 /* Frameworks */,
			);
			buildRules = (
			);
			dependencies = (
			);
			name = Payment;
			productName = Payment;
			productReference = "Optile::Payment::Product" /* Payment.framework */;
			productType = "com.apple.product-type.framework";
		};
		"Optile::SwiftPMPackageDescription" /* OptilePackageDescription */ = {
			isa = PBXNativeTarget;
			buildConfigurationList = OBJ_106 /* Build configuration list for PBXNativeTarget "OptilePackageDescription" */;
			buildPhases = (
				OBJ_109 /* Sources */,
			);
			buildRules = (
			);
			dependencies = (
			);
			name = OptilePackageDescription;
			productName = OptilePackageDescription;
			productType = "com.apple.product-type.framework";
		};
/* End PBXNativeTarget section */

/* Begin PBXProject section */
		OBJ_1 /* Project object */ = {
			isa = PBXProject;
			attributes = {
				LastSwiftMigration = 9999;
				LastUpgradeCheck = 9999;
			};
			buildConfigurationList = OBJ_2 /* Build configuration list for PBXProject "Optile" */;
			compatibilityVersion = "Xcode 3.2";
			developmentRegion = en;
			hasScannedForEncodings = 0;
			knownRegions = (
				en,
			);
			mainGroup = OBJ_5 /*  */;
			productRefGroup = OBJ_88 /* Products */;
			projectDirPath = "";
			projectRoot = "";
			targets = (
				"Optile::NetworkTests" /* NetworkTests */,
				"Optile::SwiftPMPackageDescription" /* OptilePackageDescription */,
				"Optile::OptilePackageTests::ProductTarget" /* OptilePackageTests */,
				"Optile::Payment" /* Payment */,
			);
		};
/* End PBXProject section */

/* Begin PBXSourcesBuildPhase section */
		OBJ_109 /* Sources */ = {
			isa = PBXSourcesBuildPhase;
			buildActionMask = 0;
			files = (
				OBJ_110 /* Package.swift in Sources */,
			);
			runOnlyForDeploymentPostprocessing = 0;
		};
		OBJ_119 /* Sources */ = {
			isa = PBXSourcesBuildPhase;
			buildActionMask = 0;
			files = (
				OBJ_120 /* Errors.swift in Sources */,
				OBJ_121 /* PaymentInternalError.swift in Sources */,
				OBJ_122 /* LocalTranslations.swift in Sources */,
				OBJ_123 /* Localizable.swift in Sources */,
				OBJ_124 /* PaymentNetwork+Localizable.swift in Sources */,
				OBJ_125 /* LocalizeModelOperation.swift in Sources */,
				OBJ_126 /* SharedLocalizationProvider.swift in Sources */,
				OBJ_127 /* AccountFormData.swift in Sources */,
				OBJ_128 /* AccountMask.swift in Sources */,
				OBJ_129 /* AccountRegistration.swift in Sources */,
				OBJ_130 /* ApplicableNetwork.swift in Sources */,
				OBJ_131 /* Checkbox.swift in Sources */,
				OBJ_132 /* CustomerFormData.swift in Sources */,
				OBJ_133 /* ExtraElement.swift in Sources */,
				OBJ_134 /* ExtraElements.swift in Sources */,
				OBJ_135 /* FormData.swift in Sources */,
				OBJ_136 /* InputElement.swift in Sources */,
				OBJ_137 /* InstallmentItem.swift in Sources */,
				OBJ_138 /* Installments.swift in Sources */,
				OBJ_139 /* InstallmentsPlan.swift in Sources */,
				OBJ_140 /* Interaction.swift in Sources */,
				OBJ_141 /* ListLinks.swift in Sources */,
				OBJ_142 /* ListResult.swift in Sources */,
				OBJ_143 /* Networks.swift in Sources */,
				OBJ_144 /* HTTPMethod.swift in Sources */,
				OBJ_145 /* Parameter.swift in Sources */,
				OBJ_146 /* PaymentAmount.swift in Sources */,
				OBJ_147 /* PresetAccount.swift in Sources */,
				OBJ_148 /* PresetLinks.swift in Sources */,
				OBJ_149 /* Redirect.swift in Sources */,
				OBJ_150 /* SelectOption.swift in Sources */,
				OBJ_151 /* Style.swift in Sources */,
				OBJ_152 /* AsynchronousOperation.swift in Sources */,
				OBJ_153 /* Connection.swift in Sources */,
				OBJ_154 /* CustomRequest.swift in Sources */,
				OBJ_155 /* GetRequest.swift in Sources */,
				OBJ_156 /* Request.swift in Sources */,
				OBJ_157 /* DownloadData.swift in Sources */,
				OBJ_158 /* DownloadLocalization.swift in Sources */,
				OBJ_159 /* GetListResult.swift in Sources */,
				OBJ_160 /* SendRequestOperation.swift in Sources */,
				OBJ_161 /* URLSessionConnection.swift in Sources */,
				OBJ_162 /* mergeClosures.swift in Sources */,
				OBJ_163 /* CurrentValue.swift in Sources */,
				OBJ_164 /* log.swift in Sources */,
				OBJ_165 /* PaymentListTableController.swift in Sources */,
				OBJ_166 /* PaymentListTableViewCell.swift in Sources */,
				OBJ_167 /* PaymentNetwork.swift in Sources */,
				OBJ_168 /* PaymentSession.swift in Sources */,
				OBJ_169 /* DequeueableTableCell.swift in Sources */,
				OBJ_170 /* Load.swift in Sources */,
				OBJ_171 /* NetworkDownloadProvider.swift in Sources */,
				OBJ_172 /* PaymentSessionProvider.swift in Sources */,
				OBJ_173 /* PaymentSessionService.swift in Sources */,
				OBJ_174 /* PaymentListParameters.swift in Sources */,
				OBJ_175 /* PaymentListViewContoller.swift in Sources */,
				OBJ_176 /* PaymentNavigationController.swift in Sources */,
			);
			runOnlyForDeploymentPostprocessing = 0;
		};
		OBJ_98 /* Sources */ = {
			isa = PBXSourcesBuildPhase;
			buildActionMask = 0;
			files = (
				D9E06F03235CE24000389957 /* TestError.swift in Sources */,
				OBJ_99 /* NetworkTests.swift in Sources */,
				OBJ_100 /* XCTestManifests.swift in Sources */,
			);
			runOnlyForDeploymentPostprocessing = 0;
		};
/* End PBXSourcesBuildPhase section */

/* Begin PBXTargetDependency section */
		OBJ_103 /* PBXTargetDependency */ = {
			isa = PBXTargetDependency;
			target = "Optile::Payment" /* Payment */;
			targetProxy = D9E06F00235CDFF000389957 /* PBXContainerItemProxy */;
		};
		OBJ_115 /* PBXTargetDependency */ = {
			isa = PBXTargetDependency;
			target = "Optile::NetworkTests" /* NetworkTests */;
			targetProxy = D9E06F01235CDFF200389957 /* PBXContainerItemProxy */;
		};
/* End PBXTargetDependency section */

/* Begin XCBuildConfiguration section */
		OBJ_107 /* Debug */ = {
			isa = XCBuildConfiguration;
			buildSettings = {
				LD = /usr/bin/true;
				OTHER_SWIFT_FLAGS = "-swift-version 5 -I $(TOOLCHAIN_DIR)/usr/lib/swift/pm/4_2 -target x86_64-apple-macosx10.10 -sdk /Applications/Xcode.app/Contents/Developer/Platforms/MacOSX.platform/Developer/SDKs/MacOSX10.15.sdk -package-description-version 5.1";
				SWIFT_VERSION = 5.0;
			};
			name = Debug;
		};
		OBJ_108 /* Release */ = {
			isa = XCBuildConfiguration;
			buildSettings = {
				LD = /usr/bin/true;
				OTHER_SWIFT_FLAGS = "-swift-version 5 -I $(TOOLCHAIN_DIR)/usr/lib/swift/pm/4_2 -target x86_64-apple-macosx10.10 -sdk /Applications/Xcode.app/Contents/Developer/Platforms/MacOSX.platform/Developer/SDKs/MacOSX10.15.sdk -package-description-version 5.1";
				SWIFT_VERSION = 5.0;
			};
			name = Release;
		};
		OBJ_113 /* Debug */ = {
			isa = XCBuildConfiguration;
			buildSettings = {
			};
			name = Debug;
		};
		OBJ_114 /* Release */ = {
			isa = XCBuildConfiguration;
			buildSettings = {
			};
			name = Release;
		};
		OBJ_117 /* Debug */ = {
			isa = XCBuildConfiguration;
			buildSettings = {
				ENABLE_TESTABILITY = YES;
				FRAMEWORK_SEARCH_PATHS = (
					"$(inherited)",
					"$(PLATFORM_DIR)/Developer/Library/Frameworks",
				);
				HEADER_SEARCH_PATHS = "$(inherited)";
				INFOPLIST_FILE = Optile.xcodeproj/Payment_Info.plist;
				IPHONEOS_DEPLOYMENT_TARGET = 10.0;
				LD_RUNPATH_SEARCH_PATHS = "$(inherited) $(TOOLCHAIN_DIR)/usr/lib/swift/macosx";
				MACOSX_DEPLOYMENT_TARGET = 10.10;
				OTHER_CFLAGS = "$(inherited)";
				OTHER_LDFLAGS = "$(inherited)";
				OTHER_SWIFT_FLAGS = "$(inherited)";
				PRODUCT_BUNDLE_IDENTIFIER = Payment;
				PRODUCT_MODULE_NAME = "$(TARGET_NAME:c99extidentifier)";
				PRODUCT_NAME = "$(TARGET_NAME:c99extidentifier)";
				SKIP_INSTALL = YES;
				SWIFT_ACTIVE_COMPILATION_CONDITIONS = "$(inherited)";
				SWIFT_VERSION = 5.0;
				TARGET_NAME = Payment;
				TVOS_DEPLOYMENT_TARGET = 9.0;
				WATCHOS_DEPLOYMENT_TARGET = 2.0;
			};
			name = Debug;
		};
		OBJ_118 /* Release */ = {
			isa = XCBuildConfiguration;
			buildSettings = {
				ENABLE_TESTABILITY = YES;
				FRAMEWORK_SEARCH_PATHS = (
					"$(inherited)",
					"$(PLATFORM_DIR)/Developer/Library/Frameworks",
				);
				HEADER_SEARCH_PATHS = "$(inherited)";
				INFOPLIST_FILE = Optile.xcodeproj/Payment_Info.plist;
				IPHONEOS_DEPLOYMENT_TARGET = 10.0;
				LD_RUNPATH_SEARCH_PATHS = "$(inherited) $(TOOLCHAIN_DIR)/usr/lib/swift/macosx";
				MACOSX_DEPLOYMENT_TARGET = 10.10;
				OTHER_CFLAGS = "$(inherited)";
				OTHER_LDFLAGS = "$(inherited)";
				OTHER_SWIFT_FLAGS = "$(inherited)";
				PRODUCT_BUNDLE_IDENTIFIER = Payment;
				PRODUCT_MODULE_NAME = "$(TARGET_NAME:c99extidentifier)";
				PRODUCT_NAME = "$(TARGET_NAME:c99extidentifier)";
				SKIP_INSTALL = YES;
				SWIFT_ACTIVE_COMPILATION_CONDITIONS = "$(inherited)";
				SWIFT_VERSION = 5.0;
				TARGET_NAME = Payment;
				TVOS_DEPLOYMENT_TARGET = 9.0;
				WATCHOS_DEPLOYMENT_TARGET = 2.0;
			};
			name = Release;
		};
		OBJ_3 /* Debug */ = {
			isa = XCBuildConfiguration;
			buildSettings = {
				CLANG_ENABLE_OBJC_ARC = YES;
				COMBINE_HIDPI_IMAGES = YES;
				COPY_PHASE_STRIP = NO;
				DEBUG_INFORMATION_FORMAT = dwarf;
				DYLIB_INSTALL_NAME_BASE = "@rpath";
				ENABLE_NS_ASSERTIONS = YES;
				GCC_OPTIMIZATION_LEVEL = 0;
				GCC_PREPROCESSOR_DEFINITIONS = (
					"$(inherited)",
					"SWIFT_PACKAGE=1",
					"DEBUG=1",
				);
				MACOSX_DEPLOYMENT_TARGET = 10.10;
				ONLY_ACTIVE_ARCH = YES;
				OTHER_SWIFT_FLAGS = "$(inherited) -DXcode";
				PRODUCT_NAME = "$(TARGET_NAME)";
				SDKROOT = macosx;
				SUPPORTED_PLATFORMS = "macosx iphoneos iphonesimulator appletvos appletvsimulator watchos watchsimulator";
				SWIFT_ACTIVE_COMPILATION_CONDITIONS = "$(inherited) SWIFT_PACKAGE DEBUG";
				SWIFT_OPTIMIZATION_LEVEL = "-Onone";
				USE_HEADERMAP = NO;
			};
			name = Debug;
		};
		OBJ_4 /* Release */ = {
			isa = XCBuildConfiguration;
			buildSettings = {
				CLANG_ENABLE_OBJC_ARC = YES;
				COMBINE_HIDPI_IMAGES = YES;
				COPY_PHASE_STRIP = YES;
				DEBUG_INFORMATION_FORMAT = "dwarf-with-dsym";
				DYLIB_INSTALL_NAME_BASE = "@rpath";
				GCC_OPTIMIZATION_LEVEL = s;
				GCC_PREPROCESSOR_DEFINITIONS = (
					"$(inherited)",
					"SWIFT_PACKAGE=1",
				);
				MACOSX_DEPLOYMENT_TARGET = 10.10;
				OTHER_SWIFT_FLAGS = "$(inherited) -DXcode";
				PRODUCT_NAME = "$(TARGET_NAME)";
				SDKROOT = macosx;
				SUPPORTED_PLATFORMS = "macosx iphoneos iphonesimulator appletvos appletvsimulator watchos watchsimulator";
				SWIFT_ACTIVE_COMPILATION_CONDITIONS = "$(inherited) SWIFT_PACKAGE";
				SWIFT_OPTIMIZATION_LEVEL = "-Owholemodule";
				USE_HEADERMAP = NO;
			};
			name = Release;
		};
		OBJ_96 /* Debug */ = {
			isa = XCBuildConfiguration;
			buildSettings = {
				CLANG_ENABLE_MODULES = YES;
				EMBEDDED_CONTENT_CONTAINS_SWIFT = YES;
				FRAMEWORK_SEARCH_PATHS = (
					"$(inherited)",
					"$(PLATFORM_DIR)/Developer/Library/Frameworks",
				);
				HEADER_SEARCH_PATHS = "$(inherited)";
				INFOPLIST_FILE = Optile.xcodeproj/NetworkTests_Info.plist;
				IPHONEOS_DEPLOYMENT_TARGET = 10.0;
				LD_RUNPATH_SEARCH_PATHS = "$(inherited) @loader_path/../Frameworks @loader_path/Frameworks";
				MACOSX_DEPLOYMENT_TARGET = 10.10;
				OTHER_CFLAGS = "$(inherited)";
				OTHER_LDFLAGS = "$(inherited)";
				OTHER_SWIFT_FLAGS = "$(inherited)";
				SWIFT_ACTIVE_COMPILATION_CONDITIONS = "$(inherited)";
				SWIFT_VERSION = 5.0;
				TARGET_NAME = NetworkTests;
				TVOS_DEPLOYMENT_TARGET = 9.0;
				WATCHOS_DEPLOYMENT_TARGET = 2.0;
			};
			name = Debug;
		};
		OBJ_97 /* Release */ = {
			isa = XCBuildConfiguration;
			buildSettings = {
				CLANG_ENABLE_MODULES = YES;
				EMBEDDED_CONTENT_CONTAINS_SWIFT = YES;
				FRAMEWORK_SEARCH_PATHS = (
					"$(inherited)",
					"$(PLATFORM_DIR)/Developer/Library/Frameworks",
				);
				HEADER_SEARCH_PATHS = "$(inherited)";
				INFOPLIST_FILE = Optile.xcodeproj/NetworkTests_Info.plist;
				IPHONEOS_DEPLOYMENT_TARGET = 10.0;
				LD_RUNPATH_SEARCH_PATHS = "$(inherited) @loader_path/../Frameworks @loader_path/Frameworks";
				MACOSX_DEPLOYMENT_TARGET = 10.10;
				OTHER_CFLAGS = "$(inherited)";
				OTHER_LDFLAGS = "$(inherited)";
				OTHER_SWIFT_FLAGS = "$(inherited)";
				SWIFT_ACTIVE_COMPILATION_CONDITIONS = "$(inherited)";
				SWIFT_VERSION = 5.0;
				TARGET_NAME = NetworkTests;
				TVOS_DEPLOYMENT_TARGET = 9.0;
				WATCHOS_DEPLOYMENT_TARGET = 2.0;
			};
			name = Release;
		};
/* End XCBuildConfiguration section */

/* Begin XCConfigurationList section */
		OBJ_106 /* Build configuration list for PBXNativeTarget "OptilePackageDescription" */ = {
			isa = XCConfigurationList;
			buildConfigurations = (
				OBJ_107 /* Debug */,
				OBJ_108 /* Release */,
			);
			defaultConfigurationIsVisible = 0;
			defaultConfigurationName = Release;
		};
		OBJ_112 /* Build configuration list for PBXAggregateTarget "OptilePackageTests" */ = {
			isa = XCConfigurationList;
			buildConfigurations = (
				OBJ_113 /* Debug */,
				OBJ_114 /* Release */,
			);
			defaultConfigurationIsVisible = 0;
			defaultConfigurationName = Release;
		};
		OBJ_116 /* Build configuration list for PBXNativeTarget "Payment" */ = {
			isa = XCConfigurationList;
			buildConfigurations = (
				OBJ_117 /* Debug */,
				OBJ_118 /* Release */,
			);
			defaultConfigurationIsVisible = 0;
			defaultConfigurationName = Release;
		};
		OBJ_2 /* Build configuration list for PBXProject "Optile" */ = {
			isa = XCConfigurationList;
			buildConfigurations = (
				OBJ_3 /* Debug */,
				OBJ_4 /* Release */,
			);
			defaultConfigurationIsVisible = 0;
			defaultConfigurationName = Release;
		};
		OBJ_95 /* Build configuration list for PBXNativeTarget "NetworkTests" */ = {
			isa = XCConfigurationList;
			buildConfigurations = (
				OBJ_96 /* Debug */,
				OBJ_97 /* Release */,
			);
			defaultConfigurationIsVisible = 0;
			defaultConfigurationName = Release;
		};
/* End XCConfigurationList section */
	};
	rootObject = OBJ_1 /* Project object */;
}
